// !$*UTF8*$!
{
	archiveVersion = 1;
	classes = {
	};
	objectVersion = 51;
	objects = {

/* Begin PBXBuildFile section */
		4C1C1DFB295F075900EA408A /* DutyPTableViewCell.swift in Sources */ = {isa = PBXBuildFile; fileRef = 4C1C1DFA295F075900EA408A /* DutyPTableViewCell.swift */; };
		4C1C1DFE295F1EAA00EA408A /* Constant.swift in Sources */ = {isa = PBXBuildFile; fileRef = 4C1C1DFD295F1EAA00EA408A /* Constant.swift */; };
		4C60759A295EF11A008FB939 /* AppDelegate.swift in Sources */ = {isa = PBXBuildFile; fileRef = 4C607599295EF11A008FB939 /* AppDelegate.swift */; };
		4C60759C295EF11A008FB939 /* SceneDelegate.swift in Sources */ = {isa = PBXBuildFile; fileRef = 4C60759B295EF11A008FB939 /* SceneDelegate.swift */; };
		4C60759E295EF11A008FB939 /* HomeVC.swift in Sources */ = {isa = PBXBuildFile; fileRef = 4C60759D295EF11A008FB939 /* HomeVC.swift */; };
		4C6075A1295EF11A008FB939 /* Main.storyboard in Resources */ = {isa = PBXBuildFile; fileRef = 4C60759F295EF11A008FB939 /* Main.storyboard */; };
		4C6075A3295EF11C008FB939 /* Assets.xcassets in Resources */ = {isa = PBXBuildFile; fileRef = 4C6075A2295EF11C008FB939 /* Assets.xcassets */; };
		4C6075A6295EF11C008FB939 /* LaunchScreen.storyboard in Resources */ = {isa = PBXBuildFile; fileRef = 4C6075A4295EF11C008FB939 /* LaunchScreen.storyboard */; };
		4C7353FF2976B5DF00508E00 /* TestModel.xcdatamodeld in Sources */ = {isa = PBXBuildFile; fileRef = 4C7353FD2976B5DF00508E00 /* TestModel.xcdatamodeld */; };
		4C7611DC29705312001D04EA /* Register.swift in Sources */ = {isa = PBXBuildFile; fileRef = 4C7611DB29705312001D04EA /* Register.swift */; };
		4C7611EB297097AD001D04EA /* LoginVC.swift in Sources */ = {isa = PBXBuildFile; fileRef = 4C7611EA297097AD001D04EA /* LoginVC.swift */; };
		4C8F2F1C296DF83D00BD97A0 /* SplashVC.swift in Sources */ = {isa = PBXBuildFile; fileRef = 4C8F2F1B296DF83D00BD97A0 /* SplashVC.swift */; };
		4C9759802960F0F5001C7811 /* DataResponse.swift in Sources */ = {isa = PBXBuildFile; fileRef = 4C97597F2960F0F5001C7811 /* DataResponse.swift */; };
		4C98BDF42981AD45006BA813 /* HomeViewModel.swift in Sources */ = {isa = PBXBuildFile; fileRef = 4C98BDF32981AD45006BA813 /* HomeViewModel.swift */; };
		FC044FFB0CA5CA0A93D8BB83 /* Pods_Alamofire_KKTC.framework in Frameworks */ = {isa = PBXBuildFile; fileRef = DA7765903F09A302DA6AF5DE /* Pods_Alamofire_KKTC.framework */; };
/* End PBXBuildFile section */

/* Begin PBXFileReference section */
		4C1C1DFA295F075900EA408A /* DutyPTableViewCell.swift */ = {isa = PBXFileReference; lastKnownFileType = sourcecode.swift; path = DutyPTableViewCell.swift; sourceTree = "<group>"; };
		4C1C1DFD295F1EAA00EA408A /* Constant.swift */ = {isa = PBXFileReference; lastKnownFileType = sourcecode.swift; path = Constant.swift; sourceTree = "<group>"; };
		4C607596295EF11A008FB939 /* Alamofire KKTC.app */ = {isa = PBXFileReference; explicitFileType = wrapper.application; includeInIndex = 0; path = "Alamofire KKTC.app"; sourceTree = BUILT_PRODUCTS_DIR; };
		4C607599295EF11A008FB939 /* AppDelegate.swift */ = {isa = PBXFileReference; lastKnownFileType = sourcecode.swift; path = AppDelegate.swift; sourceTree = "<group>"; };
		4C60759B295EF11A008FB939 /* SceneDelegate.swift */ = {isa = PBXFileReference; lastKnownFileType = sourcecode.swift; path = SceneDelegate.swift; sourceTree = "<group>"; };
		4C60759D295EF11A008FB939 /* HomeVC.swift */ = {isa = PBXFileReference; lastKnownFileType = sourcecode.swift; path = HomeVC.swift; sourceTree = "<group>"; };
		4C6075A0295EF11A008FB939 /* Base */ = {isa = PBXFileReference; lastKnownFileType = file.storyboard; name = Base; path = Base.lproj/Main.storyboard; sourceTree = "<group>"; };
		4C6075A2295EF11C008FB939 /* Assets.xcassets */ = {isa = PBXFileReference; lastKnownFileType = folder.assetcatalog; path = Assets.xcassets; sourceTree = "<group>"; };
		4C6075A5295EF11C008FB939 /* Base */ = {isa = PBXFileReference; lastKnownFileType = file.storyboard; name = Base; path = Base.lproj/LaunchScreen.storyboard; sourceTree = "<group>"; };
		4C6075A7295EF11C008FB939 /* Info.plist */ = {isa = PBXFileReference; lastKnownFileType = text.plist.xml; path = Info.plist; sourceTree = "<group>"; };
		4C7353FE2976B5DF00508E00 /* TestModel.xcdatamodel */ = {isa = PBXFileReference; lastKnownFileType = wrapper.xcdatamodel; path = TestModel.xcdatamodel; sourceTree = "<group>"; };
		4C7611DB29705312001D04EA /* Register.swift */ = {isa = PBXFileReference; lastKnownFileType = sourcecode.swift; path = Register.swift; sourceTree = "<group>"; };
		4C7611EA297097AD001D04EA /* LoginVC.swift */ = {isa = PBXFileReference; lastKnownFileType = sourcecode.swift; path = LoginVC.swift; sourceTree = "<group>"; };
		4C8F2F1B296DF83D00BD97A0 /* SplashVC.swift */ = {isa = PBXFileReference; lastKnownFileType = sourcecode.swift; path = SplashVC.swift; sourceTree = "<group>"; };
		4C97597F2960F0F5001C7811 /* DataResponse.swift */ = {isa = PBXFileReference; lastKnownFileType = sourcecode.swift; path = DataResponse.swift; sourceTree = "<group>"; };
		4C98BDF32981AD45006BA813 /* HomeViewModel.swift */ = {isa = PBXFileReference; lastKnownFileType = sourcecode.swift; path = HomeViewModel.swift; sourceTree = "<group>"; };
		6689671CCBC7D00F39122198 /* Pods-Alamofire KKTC.release.xcconfig */ = {isa = PBXFileReference; includeInIndex = 1; lastKnownFileType = text.xcconfig; name = "Pods-Alamofire KKTC.release.xcconfig"; path = "Target Support Files/Pods-Alamofire KKTC/Pods-Alamofire KKTC.release.xcconfig"; sourceTree = "<group>"; };
		66D02D0D2A70ED2135181833 /* Pods-Alamofire KKTC.debug.xcconfig */ = {isa = PBXFileReference; includeInIndex = 1; lastKnownFileType = text.xcconfig; name = "Pods-Alamofire KKTC.debug.xcconfig"; path = "Target Support Files/Pods-Alamofire KKTC/Pods-Alamofire KKTC.debug.xcconfig"; sourceTree = "<group>"; };
		DA7765903F09A302DA6AF5DE /* Pods_Alamofire_KKTC.framework */ = {isa = PBXFileReference; explicitFileType = wrapper.framework; includeInIndex = 0; path = Pods_Alamofire_KKTC.framework; sourceTree = BUILT_PRODUCTS_DIR; };
/* End PBXFileReference section */

/* Begin PBXFrameworksBuildPhase section */
		4C607593295EF11A008FB939 /* Frameworks */ = {
			isa = PBXFrameworksBuildPhase;
			buildActionMask = 2147483647;
			files = (
				FC044FFB0CA5CA0A93D8BB83 /* Pods_Alamofire_KKTC.framework in Frameworks */,
			);
			runOnlyForDeploymentPostprocessing = 0;
		};
/* End PBXFrameworksBuildPhase section */

/* Begin PBXGroup section */
		1E2D26CFC91A09C2B7C5A409 /* Frameworks */ = {
			isa = PBXGroup;
			children = (
				DA7765903F09A302DA6AF5DE /* Pods_Alamofire_KKTC.framework */,
			);
			name = Frameworks;
			sourceTree = "<group>";
		};
		4C497073297ADAF4005C6242 /* home */ = {
			isa = PBXGroup;
			children = (
				4C60759D295EF11A008FB939 /* HomeVC.swift */,
				4C98BDF32981AD45006BA813 /* HomeViewModel.swift */,
			);
			path = home;
			sourceTree = "<group>";
		};
		4C60758D295EF11A008FB939 = {
			isa = PBXGroup;
			children = (
				4C607598295EF11A008FB939 /* Alamofire KKTC */,
				4C607597295EF11A008FB939 /* Products */,
				D6E155AEDF493797932AA4FA /* Pods */,
				1E2D26CFC91A09C2B7C5A409 /* Frameworks */,
			);
			sourceTree = "<group>";
		};
		4C607597295EF11A008FB939 /* Products */ = {
			isa = PBXGroup;
			children = (
				4C607596295EF11A008FB939 /* Alamofire KKTC.app */,
			);
			name = Products;
			sourceTree = "<group>";
		};
		4C607598295EF11A008FB939 /* Alamofire KKTC */ = {
			isa = PBXGroup;
			children = (
				4C98BDF22981AD01006BA813 /* model */,
				4C497073297ADAF4005C6242 /* home */,
				4C607599295EF11A008FB939 /* AppDelegate.swift */,
				4C7353FD2976B5DF00508E00 /* TestModel.xcdatamodeld */,
				4C60759B295EF11A008FB939 /* SceneDelegate.swift */,
				4C1C1DFD295F1EAA00EA408A /* Constant.swift */,
				4C60759F295EF11A008FB939 /* Main.storyboard */,
				4C7611EA297097AD001D04EA /* LoginVC.swift */,
				4C7611DB29705312001D04EA /* Register.swift */,
				4C1C1DFA295F075900EA408A /* DutyPTableViewCell.swift */,
				4C6075A2295EF11C008FB939 /* Assets.xcassets */,
				4C6075A4295EF11C008FB939 /* LaunchScreen.storyboard */,
				4C6075A7295EF11C008FB939 /* Info.plist */,
				4C8F2F1B296DF83D00BD97A0 /* SplashVC.swift */,
			);
			path = "Alamofire KKTC";
			sourceTree = "<group>";
		};
		4C98BDF22981AD01006BA813 /* model */ = {
			isa = PBXGroup;
			children = (
				4C97597F2960F0F5001C7811 /* DataResponse.swift */,
			);
			path = model;
			sourceTree = "<group>";
		};
		D6E155AEDF493797932AA4FA /* Pods */ = {
			isa = PBXGroup;
			children = (
				66D02D0D2A70ED2135181833 /* Pods-Alamofire KKTC.debug.xcconfig */,
				6689671CCBC7D00F39122198 /* Pods-Alamofire KKTC.release.xcconfig */,
			);
			path = Pods;
			sourceTree = "<group>";
		};
/* End PBXGroup section */

/* Begin PBXNativeTarget section */
		4C607595295EF11A008FB939 /* Alamofire KKTC */ = {
			isa = PBXNativeTarget;
			buildConfigurationList = 4C6075AA295EF11C008FB939 /* Build configuration list for PBXNativeTarget "Alamofire KKTC" */;
			buildPhases = (
				2158F1D81C4BF3E866FF2037 /* [CP] Check Pods Manifest.lock */,
				4C607592295EF11A008FB939 /* Sources */,
				4C607593295EF11A008FB939 /* Frameworks */,
				4C607594295EF11A008FB939 /* Resources */,
				DF3739D8CB1032CB26ECCDE0 /* [CP] Embed Pods Frameworks */,
			);
			buildRules = (
			);
			dependencies = (
			);
			name = "Alamofire KKTC";
			productName = "Alamofire KKTC";
			productReference = 4C607596295EF11A008FB939 /* Alamofire KKTC.app */;
			productType = "com.apple.product-type.application";
		};
/* End PBXNativeTarget section */

/* Begin PBXProject section */
		4C60758E295EF11A008FB939 /* Project object */ = {
			isa = PBXProject;
			attributes = {
				LastSwiftUpdateCheck = 1240;
				LastUpgradeCheck = 1240;
				TargetAttributes = {
					4C607595295EF11A008FB939 = {
						CreatedOnToolsVersion = 12.4;
					};
				};
			};
			buildConfigurationList = 4C607591295EF11A008FB939 /* Build configuration list for PBXProject "Alamofire KKTC" */;
			compatibilityVersion = "Xcode 9.3";
			developmentRegion = en;
			hasScannedForEncodings = 0;
			knownRegions = (
				en,
				Base,
			);
			mainGroup = 4C60758D295EF11A008FB939;
			productRefGroup = 4C607597295EF11A008FB939 /* Products */;
			projectDirPath = "";
			projectRoot = "";
			targets = (
				4C607595295EF11A008FB939 /* Alamofire KKTC */,
			);
		};
/* End PBXProject section */

/* Begin PBXResourcesBuildPhase section */
		4C607594295EF11A008FB939 /* Resources */ = {
			isa = PBXResourcesBuildPhase;
			buildActionMask = 2147483647;
			files = (
				4C6075A6295EF11C008FB939 /* LaunchScreen.storyboard in Resources */,
				4C6075A3295EF11C008FB939 /* Assets.xcassets in Resources */,
				4C6075A1295EF11A008FB939 /* Main.storyboard in Resources */,
			);
			runOnlyForDeploymentPostprocessing = 0;
		};
/* End PBXResourcesBuildPhase section */

/* Begin PBXShellScriptBuildPhase section */
		2158F1D81C4BF3E866FF2037 /* [CP] Check Pods Manifest.lock */ = {
			isa = PBXShellScriptBuildPhase;
			buildActionMask = 2147483647;
			files = (
			);
			inputFileListPaths = (
			);
			inputPaths = (
				"${PODS_PODFILE_DIR_PATH}/Podfile.lock",
				"${PODS_ROOT}/Manifest.lock",
			);
			name = "[CP] Check Pods Manifest.lock";
			outputFileListPaths = (
			);
			outputPaths = (
				"$(DERIVED_FILE_DIR)/Pods-Alamofire KKTC-checkManifestLockResult.txt",
			);
			runOnlyForDeploymentPostprocessing = 0;
			shellPath = /bin/sh;
			shellScript = "diff \"${PODS_PODFILE_DIR_PATH}/Podfile.lock\" \"${PODS_ROOT}/Manifest.lock\" > /dev/null\nif [ $? != 0 ] ; then\n    # print error to STDERR\n    echo \"error: The sandbox is not in sync with the Podfile.lock. Run 'pod install' or update your CocoaPods installation.\" >&2\n    exit 1\nfi\n# This output is used by Xcode 'outputs' to avoid re-running this script phase.\necho \"SUCCESS\" > \"${SCRIPT_OUTPUT_FILE_0}\"\n";
			showEnvVarsInLog = 0;
		};
		DF3739D8CB1032CB26ECCDE0 /* [CP] Embed Pods Frameworks */ = {
			isa = PBXShellScriptBuildPhase;
			buildActionMask = 2147483647;
			files = (
			);
			inputFileListPaths = (
				"${PODS_ROOT}/Target Support Files/Pods-Alamofire KKTC/Pods-Alamofire KKTC-frameworks-${CONFIGURATION}-input-files.xcfilelist",
			);
			name = "[CP] Embed Pods Frameworks";
			outputFileListPaths = (
				"${PODS_ROOT}/Target Support Files/Pods-Alamofire KKTC/Pods-Alamofire KKTC-frameworks-${CONFIGURATION}-output-files.xcfilelist",
			);
			runOnlyForDeploymentPostprocessing = 0;
			shellPath = /bin/sh;
			shellScript = "\"${PODS_ROOT}/Target Support Files/Pods-Alamofire KKTC/Pods-Alamofire KKTC-frameworks.sh\"\n";
			showEnvVarsInLog = 0;
		};
/* End PBXShellScriptBuildPhase section */

/* Begin PBXSourcesBuildPhase section */
		4C607592295EF11A008FB939 /* Sources */ = {
			isa = PBXSourcesBuildPhase;
			buildActionMask = 2147483647;
			files = (
				4C7611EB297097AD001D04EA /* LoginVC.swift in Sources */,
				4C98BDF42981AD45006BA813 /* HomeViewModel.swift in Sources */,
				4C7353FF2976B5DF00508E00 /* TestModel.xcdatamodeld in Sources */,
				4C1C1DFB295F075900EA408A /* DutyPTableViewCell.swift in Sources */,
				4C7611DC29705312001D04EA /* Register.swift in Sources */,
				4C60759E295EF11A008FB939 /* HomeVC.swift in Sources */,
				4C1C1DFE295F1EAA00EA408A /* Constant.swift in Sources */,
				4C60759A295EF11A008FB939 /* AppDelegate.swift in Sources */,
				4C9759802960F0F5001C7811 /* DataResponse.swift in Sources */,
				4C60759C295EF11A008FB939 /* SceneDelegate.swift in Sources */,
				4C8F2F1C296DF83D00BD97A0 /* SplashVC.swift in Sources */,
			);
			runOnlyForDeploymentPostprocessing = 0;
		};
/* End PBXSourcesBuildPhase section */

/* Begin PBXVariantGroup section */
		4C60759F295EF11A008FB939 /* Main.storyboard */ = {
			isa = PBXVariantGroup;
			children = (
				4C6075A0295EF11A008FB939 /* Base */,
			);
			name = Main.storyboard;
			sourceTree = "<group>";
		};
		4C6075A4295EF11C008FB939 /* LaunchScreen.storyboard */ = {
			isa = PBXVariantGroup;
			children = (
				4C6075A5295EF11C008FB939 /* Base */,
			);
			name = LaunchScreen.storyboard;
			sourceTree = "<group>";
		};
/* End PBXVariantGroup section */

/* Begin XCBuildConfiguration section */
		4C6075A8295EF11C008FB939 /* Debug */ = {
			isa = XCBuildConfiguration;
			buildSettings = {
				ALWAYS_SEARCH_USER_PATHS = NO;
				CLANG_ANALYZER_NONNULL = YES;
				CLANG_ANALYZER_NUMBER_OBJECT_CONVERSION = YES_AGGRESSIVE;
				CLANG_CXX_LANGUAGE_STANDARD = "gnu++14";
				CLANG_CXX_LIBRARY = "libc++";
				CLANG_ENABLE_MODULES = YES;
				CLANG_ENABLE_OBJC_ARC = YES;
				CLANG_ENABLE_OBJC_WEAK = YES;
				CLANG_WARN_BLOCK_CAPTURE_AUTORELEASING = YES;
				CLANG_WARN_BOOL_CONVERSION = YES;
				CLANG_WARN_COMMA = YES;
				CLANG_WARN_CONSTANT_CONVERSION = YES;
				CLANG_WARN_DEPRECATED_OBJC_IMPLEMENTATIONS = YES;
				CLANG_WARN_DIRECT_OBJC_ISA_USAGE = YES_ERROR;
				CLANG_WARN_DOCUMENTATION_COMMENTS = YES;
				CLANG_WARN_EMPTY_BODY = YES;
				CLANG_WARN_ENUM_CONVERSION = YES;
				CLANG_WARN_INFINITE_RECURSION = YES;
				CLANG_WARN_INT_CONVERSION = YES;
				CLANG_WARN_NON_LITERAL_NULL_CONVERSION = YES;
				CLANG_WARN_OBJC_IMPLICIT_RETAIN_SELF = YES;
				CLANG_WARN_OBJC_LITERAL_CONVERSION = YES;
				CLANG_WARN_OBJC_ROOT_CLASS = YES_ERROR;
				CLANG_WARN_QUOTED_INCLUDE_IN_FRAMEWORK_HEADER = YES;
				CLANG_WARN_RANGE_LOOP_ANALYSIS = YES;
				CLANG_WARN_STRICT_PROTOTYPES = YES;
				CLANG_WARN_SUSPICIOUS_MOVE = YES;
				CLANG_WARN_UNGUARDED_AVAILABILITY = YES_AGGRESSIVE;
				CLANG_WARN_UNREACHABLE_CODE = YES;
				CLANG_WARN__DUPLICATE_METHOD_MATCH = YES;
				COPY_PHASE_STRIP = NO;
				DEBUG_INFORMATION_FORMAT = dwarf;
				ENABLE_STRICT_OBJC_MSGSEND = YES;
				ENABLE_TESTABILITY = YES;
				GCC_C_LANGUAGE_STANDARD = gnu11;
				GCC_DYNAMIC_NO_PIC = NO;
				GCC_NO_COMMON_BLOCKS = YES;
				GCC_OPTIMIZATION_LEVEL = 0;
				GCC_PREPROCESSOR_DEFINITIONS = (
					"DEBUG=1",
					"$(inherited)",
				);
				GCC_WARN_64_TO_32_BIT_CONVERSION = YES;
				GCC_WARN_ABOUT_RETURN_TYPE = YES_ERROR;
				GCC_WARN_UNDECLARED_SELECTOR = YES;
				GCC_WARN_UNINITIALIZED_AUTOS = YES_AGGRESSIVE;
				GCC_WARN_UNUSED_FUNCTION = YES;
				GCC_WARN_UNUSED_VARIABLE = YES;
				IPHONEOS_DEPLOYMENT_TARGET = 14.4;
				MTL_ENABLE_DEBUG_INFO = INCLUDE_SOURCE;
				MTL_FAST_MATH = YES;
				ONLY_ACTIVE_ARCH = YES;
				SDKROOT = iphoneos;
				SWIFT_ACTIVE_COMPILATION_CONDITIONS = DEBUG;
				SWIFT_OPTIMIZATION_LEVEL = "-Onone";
			};
			name = Debug;
		};
		4C6075A9295EF11C008FB939 /* Release */ = {
			isa = XCBuildConfiguration;
			buildSettings = {
				ALWAYS_SEARCH_USER_PATHS = NO;
				CLANG_ANALYZER_NONNULL = YES;
				CLANG_ANALYZER_NUMBER_OBJECT_CONVERSION = YES_AGGRESSIVE;
				CLANG_CXX_LANGUAGE_STANDARD = "gnu++14";
				CLANG_CXX_LIBRARY = "libc++";
				CLANG_ENABLE_MODULES = YES;
				CLANG_ENABLE_OBJC_ARC = YES;
				CLANG_ENABLE_OBJC_WEAK = YES;
				CLANG_WARN_BLOCK_CAPTURE_AUTORELEASING = YES;
				CLANG_WARN_BOOL_CONVERSION = YES;
				CLANG_WARN_COMMA = YES;
				CLANG_WARN_CONSTANT_CONVERSION = YES;
				CLANG_WARN_DEPRECATED_OBJC_IMPLEMENTATIONS = YES;
				CLANG_WARN_DIRECT_OBJC_ISA_USAGE = YES_ERROR;
				CLANG_WARN_DOCUMENTATION_COMMENTS = YES;
				CLANG_WARN_EMPTY_BODY = YES;
				CLANG_WARN_ENUM_CONVERSION = YES;
				CLANG_WARN_INFINITE_RECURSION = YES;
				CLANG_WARN_INT_CONVERSION = YES;
				CLANG_WARN_NON_LITERAL_NULL_CONVERSION = YES;
				CLANG_WARN_OBJC_IMPLICIT_RETAIN_SELF = YES;
				CLANG_WARN_OBJC_LITERAL_CONVERSION = YES;
				CLANG_WARN_OBJC_ROOT_CLASS = YES_ERROR;
				CLANG_WARN_QUOTED_INCLUDE_IN_FRAMEWORK_HEADER = YES;
				CLANG_WARN_RANGE_LOOP_ANALYSIS = YES;
				CLANG_WARN_STRICT_PROTOTYPES = YES;
				CLANG_WARN_SUSPICIOUS_MOVE = YES;
				CLANG_WARN_UNGUARDED_AVAILABILITY = YES_AGGRESSIVE;
				CLANG_WARN_UNREACHABLE_CODE = YES;
				CLANG_WARN__DUPLICATE_METHOD_MATCH = YES;
				COPY_PHASE_STRIP = NO;
				DEBUG_INFORMATION_FORMAT = "dwarf-with-dsym";
				ENABLE_NS_ASSERTIONS = NO;
				ENABLE_STRICT_OBJC_MSGSEND = YES;
				GCC_C_LANGUAGE_STANDARD = gnu11;
				GCC_NO_COMMON_BLOCKS = YES;
				GCC_WARN_64_TO_32_BIT_CONVERSION = YES;
				GCC_WARN_ABOUT_RETURN_TYPE = YES_ERROR;
				GCC_WARN_UNDECLARED_SELECTOR = YES;
				GCC_WARN_UNINITIALIZED_AUTOS = YES_AGGRESSIVE;
				GCC_WARN_UNUSED_FUNCTION = YES;
				GCC_WARN_UNUSED_VARIABLE = YES;
				IPHONEOS_DEPLOYMENT_TARGET = 14.4;
				MTL_ENABLE_DEBUG_INFO = NO;
				MTL_FAST_MATH = YES;
				SDKROOT = iphoneos;
				SWIFT_COMPILATION_MODE = wholemodule;
				SWIFT_OPTIMIZATION_LEVEL = "-O";
				VALIDATE_PRODUCT = YES;
			};
			name = Release;
		};
		4C6075AB295EF11C008FB939 /* Debug */ = {
			isa = XCBuildConfiguration;
			baseConfigurationReference = 66D02D0D2A70ED2135181833 /* Pods-Alamofire KKTC.debug.xcconfig */;
			buildSettings = {
				ASSETCATALOG_COMPILER_APPICON_NAME = AppIcon;
				ASSETCATALOG_COMPILER_GLOBAL_ACCENT_COLOR_NAME = AccentColor;
				CODE_SIGN_STYLE = Automatic;
				DEVELOPMENT_TEAM = 5F2J2HD9TB;
				INFOPLIST_FILE = "Alamofire KKTC/Info.plist";
				LD_RUNPATH_SEARCH_PATHS = (
					"$(inherited)",
					"@executable_path/Frameworks",
				);
				PRODUCT_BUNDLE_IDENTIFIER = "com.balci.app.Alamofire-KKTC";
				PRODUCT_NAME = "$(TARGET_NAME)";
				SWIFT_VERSION = 5.0;
				TARGETED_DEVICE_FAMILY = "1,2";
			};
			name = Debug;
		};
		4C6075AC295EF11C008FB939 /* Release */ = {
			isa = XCBuildConfiguration;
			baseConfigurationReference = 6689671CCBC7D00F39122198 /* Pods-Alamofire KKTC.release.xcconfig */;
			buildSettings = {
				ASSETCATALOG_COMPILER_APPICON_NAME = AppIcon;
				ASSETCATALOG_COMPILER_GLOBAL_ACCENT_COLOR_NAME = AccentColor;
				CODE_SIGN_STYLE = Automatic;
				DEVELOPMENT_TEAM = 5F2J2HD9TB;
				INFOPLIST_FILE = "Alamofire KKTC/Info.plist";
				LD_RUNPATH_SEARCH_PATHS = (
					"$(inherited)",
					"@executable_path/Frameworks",
				);
				PRODUCT_BUNDLE_IDENTIFIER = "com.balci.app.Alamofire-KKTC";
				PRODUCT_NAME = "$(TARGET_NAME)";
				SWIFT_VERSION = 5.0;
				TARGETED_DEVICE_FAMILY = "1,2";
			};
			name = Release;
		};
/* End XCBuildConfiguration section */

/* Begin XCConfigurationList section */
		4C607591295EF11A008FB939 /* Build configuration list for PBXProject "Alamofire KKTC" */ = {
			isa = XCConfigurationList;
			buildConfigurations = (
				4C6075A8295EF11C008FB939 /* Debug */,
				4C6075A9295EF11C008FB939 /* Release */,
			);
			defaultConfigurationIsVisible = 0;
			defaultConfigurationName = Release;
		};
		4C6075AA295EF11C008FB939 /* Build configuration list for PBXNativeTarget "Alamofire KKTC" */ = {
			isa = XCConfigurationList;
			buildConfigurations = (
				4C6075AB295EF11C008FB939 /* Debug */,
				4C6075AC295EF11C008FB939 /* Release */,
			);
			defaultConfigurationIsVisible = 0;
			defaultConfigurationName = Release;
		};
/* End XCConfigurationList section */

/* Begin XCVersionGroup section */
		4C7353FD2976B5DF00508E00 /* TestModel.xcdatamodeld */ = {
			isa = XCVersionGroup;
			children = (
				4C7353FE2976B5DF00508E00 /* TestModel.xcdatamodel */,
			);
			currentVersion = 4C7353FE2976B5DF00508E00 /* TestModel.xcdatamodel */;
			path = TestModel.xcdatamodeld;
			sourceTree = "<group>";
			versionGroupType = wrapper.xcdatamodel;
		};
/* End XCVersionGroup section */
	};
	rootObject = 4C60758E295EF11A008FB939 /* Project object */;
}
